
Microsoft Visual Studio Solution File, Format Version 12.00
# Visual Studio Version 17
VisualStudioVersion = 17.9.34714.143
MinimumVisualStudioVersion = 10.0.40219.1
Project("{FAE04EC0-301F-11D3-BF4B-00C04F79EFBC}") = "VerticalTec.POS.Service.Ordering.Owin", "VerticalTec.POS.Service.Ordering.Owin\VerticalTec.POS.Service.Ordering.Owin.csproj", "{F47C6806-DFB9-4E2E-BDC9-456166DD7DF5}"
EndProject
Project("{FAE04EC0-301F-11D3-BF4B-00C04F79EFBC}") = "VerticalTec.POS.Service.Test", "VerticalTec.POS.Service.Test\VerticalTec.POS.Service.Test.csproj", "{D578E12A-1F6C-400E-8FCA-439C066A2814}"
EndProject
Project("{FAE04EC0-301F-11D3-BF4B-00C04F79EFBC}") = "VerticalTec.POS.Service.Ordering", "VerticalTec.POS.Service.Ordering\VerticalTec.POS.Service.Ordering.csproj", "{4F41FC6E-2C03-4FF1-98FE-81D8EF565CD8}"
EndProject
Project("{FAE04EC0-301F-11D3-BF4B-00C04F79EFBC}") = "OrderingService", "OrderingService\OrderingService.csproj", "{D148B25F-390F-4C01-965C-EA0E7A44B67C}"
EndProject
Project("{FAE04EC0-301F-11D3-BF4B-00C04F79EFBC}") = "VerticalTec.POS.Service.ThirdpartyInterface.Worker", "VerticalTec.POS.Service.Ordering.ThirdpartyInterface\VerticalTec.POS.Service.ThirdpartyInterface.Worker.csproj", "{061B79C1-5EA8-42B9-8FFB-99F7F9866D83}"
EndProject
Project("{FAE04EC0-301F-11D3-BF4B-00C04F79EFBC}") = "VerticalTec.POS.Service.ThirdpartyInterface", "VerticalTec.POS.Service.ThirdpartyInterface\VerticalTec.POS.Service.ThirdpartyInterface.csproj", "{93CBED3B-7D02-4439-8D9E-E46AE3F0FC17}"
EndProject
Global
	GlobalSection(SolutionConfigurationPlatforms) = preSolution
		Debug|Any CPU = Debug|Any CPU
		Debug|iPhone = Debug|iPhone
		Debug|iPhoneSimulator = Debug|iPhoneSimulator
		Debug|x86 = Debug|x86
		Release|Any CPU = Release|Any CPU
		Release|iPhone = Release|iPhone
		Release|iPhoneSimulator = Release|iPhoneSimulator
		Release|x86 = Release|x86
	EndGlobalSection
	GlobalSection(ProjectConfigurationPlatforms) = postSolution
		{F47C6806-DFB9-4E2E-BDC9-456166DD7DF5}.Debug|Any CPU.ActiveCfg = Debug|Any CPU
		{F47C6806-DFB9-4E2E-BDC9-456166DD7DF5}.Debug|Any CPU.Build.0 = Debug|Any CPU
		{F47C6806-DFB9-4E2E-BDC9-456166DD7DF5}.Debug|iPhone.ActiveCfg = Debug|Any CPU
		{F47C6806-DFB9-4E2E-BDC9-456166DD7DF5}.Debug|iPhone.Build.0 = Debug|Any CPU
		{F47C6806-DFB9-4E2E-BDC9-456166DD7DF5}.Debug|iPhoneSimulator.ActiveCfg = Debug|Any CPU
		{F47C6806-DFB9-4E2E-BDC9-456166DD7DF5}.Debug|iPhoneSimulator.Build.0 = Debug|Any CPU
		{F47C6806-DFB9-4E2E-BDC9-456166DD7DF5}.Debug|x86.ActiveCfg = Debug|Any CPU
		{F47C6806-DFB9-4E2E-BDC9-456166DD7DF5}.Debug|x86.Build.0 = Debug|Any CPU
		{F47C6806-DFB9-4E2E-BDC9-456166DD7DF5}.Release|Any CPU.ActiveCfg = Release|Any CPU
		{F47C6806-DFB9-4E2E-BDC9-456166DD7DF5}.Release|Any CPU.Build.0 = Release|Any CPU
		{F47C6806-DFB9-4E2E-BDC9-456166DD7DF5}.Release|iPhone.ActiveCfg = Release|Any CPU
		{F47C6806-DFB9-4E2E-BDC9-456166DD7DF5}.Release|iPhone.Build.0 = Release|Any CPU
		{F47C6806-DFB9-4E2E-BDC9-456166DD7DF5}.Release|iPhoneSimulator.ActiveCfg = Release|Any CPU
		{F47C6806-DFB9-4E2E-BDC9-456166DD7DF5}.Release|iPhoneSimulator.Build.0 = Release|Any CPU
		{F47C6806-DFB9-4E2E-BDC9-456166DD7DF5}.Release|x86.ActiveCfg = Release|Any CPU
		{F47C6806-DFB9-4E2E-BDC9-456166DD7DF5}.Release|x86.Build.0 = Release|Any CPU
		{D578E12A-1F6C-400E-8FCA-439C066A2814}.Debug|Any CPU.ActiveCfg = Debug|Any CPU
		{D578E12A-1F6C-400E-8FCA-439C066A2814}.Debug|Any CPU.Build.0 = Debug|Any CPU
		{D578E12A-1F6C-400E-8FCA-439C066A2814}.Debug|iPhone.ActiveCfg = Debug|Any CPU
		{D578E12A-1F6C-400E-8FCA-439C066A2814}.Debug|iPhone.Build.0 = Debug|Any CPU
		{D578E12A-1F6C-400E-8FCA-439C066A2814}.Debug|iPhoneSimulator.ActiveCfg = Debug|Any CPU
		{D578E12A-1F6C-400E-8FCA-439C066A2814}.Debug|iPhoneSimulator.Build.0 = Debug|Any CPU
		{D578E12A-1F6C-400E-8FCA-439C066A2814}.Debug|x86.ActiveCfg = Debug|Any CPU
		{D578E12A-1F6C-400E-8FCA-439C066A2814}.Debug|x86.Build.0 = Debug|Any CPU
		{D578E12A-1F6C-400E-8FCA-439C066A2814}.Release|Any CPU.ActiveCfg = Release|Any CPU
		{D578E12A-1F6C-400E-8FCA-439C066A2814}.Release|Any CPU.Build.0 = Release|Any CPU
		{D578E12A-1F6C-400E-8FCA-439C066A2814}.Release|iPhone.ActiveCfg = Release|Any CPU
		{D578E12A-1F6C-400E-8FCA-439C066A2814}.Release|iPhone.Build.0 = Release|Any CPU
		{D578E12A-1F6C-400E-8FCA-439C066A2814}.Release|iPhoneSimulator.ActiveCfg = Release|Any CPU
		{D578E12A-1F6C-400E-8FCA-439C066A2814}.Release|iPhoneSimulator.Build.0 = Release|Any CPU
		{D578E12A-1F6C-400E-8FCA-439C066A2814}.Release|x86.ActiveCfg = Release|Any CPU
		{D578E12A-1F6C-400E-8FCA-439C066A2814}.Release|x86.Build.0 = Release|Any CPU
		{4F41FC6E-2C03-4FF1-98FE-81D8EF565CD8}.Debug|Any CPU.ActiveCfg = Debug|Any CPU
		{4F41FC6E-2C03-4FF1-98FE-81D8EF565CD8}.Debug|Any CPU.Build.0 = Debug|Any CPU
		{4F41FC6E-2C03-4FF1-98FE-81D8EF565CD8}.Debug|iPhone.ActiveCfg = Debug|Any CPU
		{4F41FC6E-2C03-4FF1-98FE-81D8EF565CD8}.Debug|iPhone.Build.0 = Debug|Any CPU
		{4F41FC6E-2C03-4FF1-98FE-81D8EF565CD8}.Debug|iPhoneSimulator.ActiveCfg = Debug|Any CPU
		{4F41FC6E-2C03-4FF1-98FE-81D8EF565CD8}.Debug|iPhoneSimulator.Build.0 = Debug|Any CPU
		{4F41FC6E-2C03-4FF1-98FE-81D8EF565CD8}.Debug|x86.ActiveCfg = Debug|Any CPU
		{4F41FC6E-2C03-4FF1-98FE-81D8EF565CD8}.Debug|x86.Build.0 = Debug|Any CPU
		{4F41FC6E-2C03-4FF1-98FE-81D8EF565CD8}.Release|Any CPU.ActiveCfg = Release|Any CPU
		{4F41FC6E-2C03-4FF1-98FE-81D8EF565CD8}.Release|Any CPU.Build.0 = Release|Any CPU
		{4F41FC6E-2C03-4FF1-98FE-81D8EF565CD8}.Release|iPhone.ActiveCfg = Release|Any CPU
		{4F41FC6E-2C03-4FF1-98FE-81D8EF565CD8}.Release|iPhone.Build.0 = Release|Any CPU
		{4F41FC6E-2C03-4FF1-98FE-81D8EF565CD8}.Release|iPhoneSimulator.ActiveCfg = Release|Any CPU
		{4F41FC6E-2C03-4FF1-98FE-81D8EF565CD8}.Release|iPhoneSimulator.Build.0 = Release|Any CPU
		{4F41FC6E-2C03-4FF1-98FE-81D8EF565CD8}.Release|x86.ActiveCfg = Release|Any CPU
		{4F41FC6E-2C03-4FF1-98FE-81D8EF565CD8}.Release|x86.Build.0 = Release|Any CPU
		{D148B25F-390F-4C01-965C-EA0E7A44B67C}.Debug|Any CPU.ActiveCfg = Debug|Any CPU
		{D148B25F-390F-4C01-965C-EA0E7A44B67C}.Debug|Any CPU.Build.0 = Debug|Any CPU
		{D148B25F-390F-4C01-965C-EA0E7A44B67C}.Debug|iPhone.ActiveCfg = Debug|Any CPU
		{D148B25F-390F-4C01-965C-EA0E7A44B67C}.Debug|iPhone.Build.0 = Debug|Any CPU
		{D148B25F-390F-4C01-965C-EA0E7A44B67C}.Debug|iPhoneSimulator.ActiveCfg = Debug|Any CPU
		{D148B25F-390F-4C01-965C-EA0E7A44B67C}.Debug|iPhoneSimulator.Build.0 = Debug|Any CPU
		{D148B25F-390F-4C01-965C-EA0E7A44B67C}.Debug|x86.ActiveCfg = Debug|Any CPU
		{D148B25F-390F-4C01-965C-EA0E7A44B67C}.Debug|x86.Build.0 = Debug|Any CPU
		{D148B25F-390F-4C01-965C-EA0E7A44B67C}.Release|Any CPU.ActiveCfg = Release|Any CPU
		{D148B25F-390F-4C01-965C-EA0E7A44B67C}.Release|Any CPU.Build.0 = Release|Any CPU
		{D148B25F-390F-4C01-965C-EA0E7A44B67C}.Release|iPhone.ActiveCfg = Release|Any CPU
		{D148B25F-390F-4C01-965C-EA0E7A44B67C}.Release|iPhone.Build.0 = Release|Any CPU
		{D148B25F-390F-4C01-965C-EA0E7A44B67C}.Release|iPhoneSimulator.ActiveCfg = Release|Any CPU
		{D148B25F-390F-4C01-965C-EA0E7A44B67C}.Release|iPhoneSimulator.Build.0 = Release|Any CPU
		{D148B25F-390F-4C01-965C-EA0E7A44B67C}.Release|x86.ActiveCfg = Release|Any CPU
		{D148B25F-390F-4C01-965C-EA0E7A44B67C}.Release|x86.Build.0 = Release|Any CPU
		{061B79C1-5EA8-42B9-8FFB-99F7F9866D83}.Debug|Any CPU.ActiveCfg = Debug|Any CPU
		{061B79C1-5EA8-42B9-8FFB-99F7F9866D83}.Debug|Any CPU.Build.0 = Debug|Any CPU
		{061B79C1-5EA8-42B9-8FFB-99F7F9866D83}.Debug|iPhone.ActiveCfg = Debug|Any CPU
		{061B79C1-5EA8-42B9-8FFB-99F7F9866D83}.Debug|iPhone.Build.0 = Debug|Any CPU
		{061B79C1-5EA8-42B9-8FFB-99F7F9866D83}.Debug|iPhoneSimulator.ActiveCfg = Debug|Any CPU
		{061B79C1-5EA8-42B9-8FFB-99F7F9866D83}.Debug|iPhoneSimulator.Build.0 = Debug|Any CPU
		{061B79C1-5EA8-42B9-8FFB-99F7F9866D83}.Debug|x86.ActiveCfg = Debug|Any CPU
		{061B79C1-5EA8-42B9-8FFB-99F7F9866D83}.Debug|x86.Build.0 = Debug|Any CPU
		{061B79C1-5EA8-42B9-8FFB-99F7F9866D83}.Release|Any CPU.ActiveCfg = Release|Any CPU
		{061B79C1-5EA8-42B9-8FFB-99F7F9866D83}.Release|Any CPU.Build.0 = Release|Any CPU
		{061B79C1-5EA8-42B9-8FFB-99F7F9866D83}.Release|iPhone.ActiveCfg = Release|Any CPU
		{061B79C1-5EA8-42B9-8FFB-99F7F9866D83}.Release|iPhone.Build.0 = Release|Any CPU
		{061B79C1-5EA8-42B9-8FFB-99F7F9866D83}.Release|iPhoneSimulator.ActiveCfg = Release|Any CPU
		{061B79C1-5EA8-42B9-8FFB-99F7F9866D83}.Release|iPhoneSimulator.Build.0 = Release|Any CPU
		{061B79C1-5EA8-42B9-8FFB-99F7F9866D83}.Release|x86.ActiveCfg = Release|Any CPU
		{061B79C1-5EA8-42B9-8FFB-99F7F9866D83}.Release|x86.Build.0 = Release|Any CPU
		{93CBED3B-7D02-4439-8D9E-E46AE3F0FC17}.Debug|Any CPU.ActiveCfg = Debug|Any CPU
		{93CBED3B-7D02-4439-8D9E-E46AE3F0FC17}.Debug|Any CPU.Build.0 = Debug|Any CPU
		{93CBED3B-7D02-4439-8D9E-E46AE3F0FC17}.Debug|iPhone.ActiveCfg = Debug|Any CPU
		{93CBED3B-7D02-4439-8D9E-E46AE3F0FC17}.Debug|iPhone.Build.0 = Debug|Any CPU
		{93CBED3B-7D02-4439-8D9E-E46AE3F0FC17}.Debug|iPhoneSimulator.ActiveCfg = Debug|Any CPU
		{93CBED3B-7D02-4439-8D9E-E46AE3F0FC17}.Debug|iPhoneSimulator.Build.0 = Debug|Any CPU
		{93CBED3B-7D02-4439-8D9E-E46AE3F0FC17}.Debug|x86.ActiveCfg = Debug|Any CPU
		{93CBED3B-7D02-4439-8D9E-E46AE3F0FC17}.Debug|x86.Build.0 = Debug|Any CPU
		{93CBED3B-7D02-4439-8D9E-E46AE3F0FC17}.Release|Any CPU.ActiveCfg = Release|Any CPU
		{93CBED3B-7D02-4439-8D9E-E46AE3F0FC17}.Release|Any CPU.Build.0 = Release|Any CPU
		{93CBED3B-7D02-4439-8D9E-E46AE3F0FC17}.Release|iPhone.ActiveCfg = Release|Any CPU
		{93CBED3B-7D02-4439-8D9E-E46AE3F0FC17}.Release|iPhone.Build.0 = Release|Any CPU
		{93CBED3B-7D02-4439-8D9E-E46AE3F0FC17}.Release|iPhoneSimulator.ActiveCfg = Release|Any CPU
		{93CBED3B-7D02-4439-8D9E-E46AE3F0FC17}.Release|iPhoneSimulator.Build.0 = Release|Any CPU
		{93CBED3B-7D02-4439-8D9E-E46AE3F0FC17}.Release|x86.ActiveCfg = Release|Any CPU
		{93CBED3B-7D02-4439-8D9E-E46AE3F0FC17}.Release|x86.Build.0 = Release|Any CPU
	EndGlobalSection
	GlobalSection(SolutionProperties) = preSolution
		HideSolutionNode = FALSE
	EndGlobalSection
	GlobalSection(ExtensibilityGlobals) = postSolution
		SolutionGuid = {78C7C73D-61E1-4D50-8A64-4A27D7E782F9}
	EndGlobalSection
EndGlobal
